
Microsoft Visual Studio Solution File, Format Version 12.00
# Visual Studio Version 16
VisualStudioVersion = 16.0.29306.81
MinimumVisualStudioVersion = 10.0.40219.1
Project("{FAE04EC0-301F-11D3-BF4B-00C04F79EFBC}") = "BasicCalculator", "BasicCalculator.csproj", "{CC11824D-FD7F-4584-B412-DB5AE1EB419D}"
EndProject
Global
	GlobalSection(SolutionConfigurationPlatforms) = preSolution
		Debug|Any CPU = Debug|Any CPU
		Release|Any CPU = Release|Any CPU
	EndGlobalSection
	GlobalSection(ProjectConfigurationPlatforms) = postSolution
		{CC11824D-FD7F-4584-B412-DB5AE1EB419D}.Debug|Any CPU.ActiveCfg = Debug|Any CPU
		{CC11824D-FD7F-4584-B412-DB5AE1EB419D}.Debug|Any CPU.Build.0 = Debug|Any CPU
		{CC11824D-FD7F-4584-B412-DB5AE1EB419D}.Release|Any CPU.ActiveCfg = Release|Any CPU
		{CC11824D-FD7F-4584-B412-DB5AE1EB419D}.Release|Any CPU.Build.0 = Release|Any CPU
	EndGlobalSection
	GlobalSection(SolutionProperties) = preSolution
		HideSolutionNode = FALSE
	EndGlobalSection
	GlobalSection(ExtensibilityGlobals) = postSolution
		SolutionGuid = {862A9AD6-C9AC-4428-9BBB-16479BA687D0}
	EndGlobalSection
EndGlobal
